
Microsoft Visual Studio Solution File, Format Version 12.00
# Visual Studio 15
VisualStudioVersion = 15.0.26430.14
MinimumVisualStudioVersion = 10.0.40219.1
Project("{FAE04EC0-301F-11D3-BF4B-00C04F79EFBC}") = "RMC", "RMC\RMC.csproj", "{A78F0D48-9E40-440E-844B-C65AEC48616C}"
EndProject
Project("{2150E333-8FDC-42A3-9474-1A3956D46DE8}") = "Solution Items", "Solution Items", "{BAC90011-D2DB-4EAD-AE41-B5E1A38DA7F8}"
	ProjectSection(SolutionItems) = preProject
		.gitignore = .gitignore
		LICENSE = LICENSE
		README.md = README.md
	EndProjectSection
EndProject
Global
	GlobalSection(SolutionConfigurationPlatforms) = preSolution
		Debug|Any CPU = Debug|Any CPU
		Release|Any CPU = Release|Any CPU
	EndGlobalSection
	GlobalSection(ProjectConfigurationPlatforms) = postSolution
		{A78F0D48-9E40-440E-844B-C65AEC48616C}.Debug|Any CPU.ActiveCfg = Debug|Any CPU
		{A78F0D48-9E40-440E-844B-C65AEC48616C}.Debug|Any CPU.Build.0 = Debug|Any CPU
		{A78F0D48-9E40-440E-844B-C65AEC48616C}.Release|Any CPU.ActiveCfg = Release|Any CPU
		{A78F0D48-9E40-440E-844B-C65AEC48616C}.Release|Any CPU.Build.0 = Release|Any CPU
	EndGlobalSection
	GlobalSection(SolutionProperties) = preSolution
		HideSolutionNode = FALSE
	EndGlobalSection
	GlobalSection(ExtensibilityGlobals) = postSolution
		SolutionGuid = {3D94F79E-A73B-4750-BB2F-F5C1E4FADE37}
	EndGlobalSection
EndGlobal
